// !$*UTF8*$!
{
	archiveVersion = 1;
	classes = {
	};
	objectVersion = 50;
	objects = {

/* Begin PBXBuildFile section */
		9EAE298723EAC08C009DC5AD /* AppDelegate.swift in Sources */ = {isa = PBXBuildFile; fileRef = 9EAE298623EAC08C009DC5AD /* AppDelegate.swift */; };
		9EAE298923EAC08C009DC5AD /* SceneDelegate.swift in Sources */ = {isa = PBXBuildFile; fileRef = 9EAE298823EAC08C009DC5AD /* SceneDelegate.swift */; };
		9EAE298B23EAC08C009DC5AD /* ViewController.swift in Sources */ = {isa = PBXBuildFile; fileRef = 9EAE298A23EAC08C009DC5AD /* ViewController.swift */; };
		9EAE298E23EAC08C009DC5AD /* Main.storyboard in Resources */ = {isa = PBXBuildFile; fileRef = 9EAE298C23EAC08C009DC5AD /* Main.storyboard */; };
		9EAE299023EAC08E009DC5AD /* Assets.xcassets in Resources */ = {isa = PBXBuildFile; fileRef = 9EAE298F23EAC08E009DC5AD /* Assets.xcassets */; };
		9EAE299323EAC08E009DC5AD /* LaunchScreen.storyboard in Resources */ = {isa = PBXBuildFile; fileRef = 9EAE299123EAC08E009DC5AD /* LaunchScreen.storyboard */; };
		9EAE299E23EAC08E009DC5AD /* FlickrSearchTests.swift in Sources */ = {isa = PBXBuildFile; fileRef = 9EAE299D23EAC08E009DC5AD /* FlickrSearchTests.swift */; };
/* End PBXBuildFile section */

/* Begin PBXContainerItemProxy section */
		9EAE299A23EAC08E009DC5AD /* PBXContainerItemProxy */ = {
			isa = PBXContainerItemProxy;
			containerPortal = 9EAE297B23EAC08C009DC5AD /* Project object */;
			proxyType = 1;
			remoteGlobalIDString = 9EAE298223EAC08C009DC5AD;
			remoteInfo = FlickrSearch;
		};
/* End PBXContainerItemProxy section */

/* Begin PBXFileReference section */
		9EAE298323EAC08C009DC5AD /* FlickrSearch.app */ = {isa = PBXFileReference; explicitFileType = wrapper.application; includeInIndex = 0; path = FlickrSearch.app; sourceTree = BUILT_PRODUCTS_DIR; };
		9EAE298623EAC08C009DC5AD /* AppDelegate.swift */ = {isa = PBXFileReference; lastKnownFileType = sourcecode.swift; path = AppDelegate.swift; sourceTree = "<group>"; };
		9EAE298823EAC08C009DC5AD /* SceneDelegate.swift */ = {isa = PBXFileReference; lastKnownFileType = sourcecode.swift; path = SceneDelegate.swift; sourceTree = "<group>"; };
		9EAE298A23EAC08C009DC5AD /* ViewController.swift */ = {isa = PBXFileReference; lastKnownFileType = sourcecode.swift; path = ViewController.swift; sourceTree = "<group>"; };
		9EAE298D23EAC08C009DC5AD /* Base */ = {isa = PBXFileReference; lastKnownFileType = file.storyboard; name = Base; path = Base.lproj/Main.storyboard; sourceTree = "<group>"; };
		9EAE298F23EAC08E009DC5AD /* Assets.xcassets */ = {isa = PBXFileReference; lastKnownFileType = folder.assetcatalog; path = Assets.xcassets; sourceTree = "<group>"; };
		9EAE299223EAC08E009DC5AD /* Base */ = {isa = PBXFileReference; lastKnownFileType = file.storyboard; name = Base; path = Base.lproj/LaunchScreen.storyboard; sourceTree = "<group>"; };
		9EAE299423EAC08E009DC5AD /* Info.plist */ = {isa = PBXFileReference; lastKnownFileType = text.plist.xml; path = Info.plist; sourceTree = "<group>"; };
		9EAE299923EAC08E009DC5AD /* FlickrSearchTests.xctest */ = {isa = PBXFileReference; explicitFileType = wrapper.cfbundle; includeInIndex = 0; path = FlickrSearchTests.xctest; sourceTree = BUILT_PRODUCTS_DIR; };
		9EAE299D23EAC08E009DC5AD /* FlickrSearchTests.swift */ = {isa = PBXFileReference; lastKnownFileType = sourcecode.swift; path = FlickrSearchTests.swift; sourceTree = "<group>"; };
		9EAE299F23EAC08E009DC5AD /* Info.plist */ = {isa = PBXFileReference; lastKnownFileType = text.plist.xml; path = Info.plist; sourceTree = "<group>"; };
/* End PBXFileReference section */

/* Begin PBXFrameworksBuildPhase section */
		9EAE298023EAC08C009DC5AD /* Frameworks */ = {
			isa = PBXFrameworksBuildPhase;
			buildActionMask = 2147483647;
			files = (
			);
			runOnlyForDeploymentPostprocessing = 0;
		};
		9EAE299623EAC08E009DC5AD /* Frameworks */ = {
			isa = PBXFrameworksBuildPhase;
			buildActionMask = 2147483647;
			files = (
			);
			runOnlyForDeploymentPostprocessing = 0;
		};
/* End PBXFrameworksBuildPhase section */

/* Begin PBXGroup section */
		9EAE297A23EAC08C009DC5AD = {
			isa = PBXGroup;
			children = (
				9EAE298523EAC08C009DC5AD /* FlickrSearch */,
				9EAE299C23EAC08E009DC5AD /* FlickrSearchTests */,
				9EAE298423EAC08C009DC5AD /* Products */,
			);
			sourceTree = "<group>";
		};
		9EAE298423EAC08C009DC5AD /* Products */ = {
			isa = PBXGroup;
			children = (
				9EAE298323EAC08C009DC5AD /* FlickrSearch.app */,
				9EAE299923EAC08E009DC5AD /* FlickrSearchTests.xctest */,
			);
			name = Products;
			sourceTree = "<group>";
		};
		9EAE298523EAC08C009DC5AD /* FlickrSearch */ = {
			isa = PBXGroup;
			children = (
				9EAE298623EAC08C009DC5AD /* AppDelegate.swift */,
				9EAE298823EAC08C009DC5AD /* SceneDelegate.swift */,
				9EAE298A23EAC08C009DC5AD /* ViewController.swift */,
				9EAE298C23EAC08C009DC5AD /* Main.storyboard */,
				9EAE298F23EAC08E009DC5AD /* Assets.xcassets */,
				9EAE299123EAC08E009DC5AD /* LaunchScreen.storyboard */,
				9EAE299423EAC08E009DC5AD /* Info.plist */,
			);
			path = FlickrSearch;
			sourceTree = "<group>";
		};
		9EAE299C23EAC08E009DC5AD /* FlickrSearchTests */ = {
			isa = PBXGroup;
			children = (
				9EAE299D23EAC08E009DC5AD /* FlickrSearchTests.swift */,
				9EAE299F23EAC08E009DC5AD /* Info.plist */,
			);
			path = FlickrSearchTests;
			sourceTree = "<group>";
		};
/* End PBXGroup section */

/* Begin PBXNativeTarget section */
		9EAE298223EAC08C009DC5AD /* FlickrSearch */ = {
			isa = PBXNativeTarget;
			buildConfigurationList = 9EAE29A223EAC08E009DC5AD /* Build configuration list for PBXNativeTarget "FlickrSearch" */;
			buildPhases = (
				9EAE297F23EAC08C009DC5AD /* Sources */,
				9EAE298023EAC08C009DC5AD /* Frameworks */,
				9EAE298123EAC08C009DC5AD /* Resources */,
			);
			buildRules = (
			);
			dependencies = (
			);
			name = FlickrSearch;
			productName = FlickrSearch;
			productReference = 9EAE298323EAC08C009DC5AD /* FlickrSearch.app */;
			productType = "com.apple.product-type.application";
		};
		9EAE299823EAC08E009DC5AD /* FlickrSearchTests */ = {
			isa = PBXNativeTarget;
			buildConfigurationList = 9EAE29A523EAC08E009DC5AD /* Build configuration list for PBXNativeTarget "FlickrSearchTests" */;
			buildPhases = (
				9EAE299523EAC08E009DC5AD /* Sources */,
				9EAE299623EAC08E009DC5AD /* Frameworks */,
				9EAE299723EAC08E009DC5AD /* Resources */,
			);
			buildRules = (
			);
			dependencies = (
				9EAE299B23EAC08E009DC5AD /* PBXTargetDependency */,
			);
			name = FlickrSearchTests;
			productName = FlickrSearchTests;
			productReference = 9EAE299923EAC08E009DC5AD /* FlickrSearchTests.xctest */;
			productType = "com.apple.product-type.bundle.unit-test";
		};
/* End PBXNativeTarget section */

/* Begin PBXProject section */
		9EAE297B23EAC08C009DC5AD /* Project object */ = {
			isa = PBXProject;
			attributes = {
				LastSwiftUpdateCheck = 1130;
				LastUpgradeCheck = 1130;
				ORGANIZATIONNAME = "Chris Karani";
				TargetAttributes = {
					9EAE298223EAC08C009DC5AD = {
						CreatedOnToolsVersion = 11.3.1;
					};
					9EAE299823EAC08E009DC5AD = {
						CreatedOnToolsVersion = 11.3.1;
						TestTargetID = 9EAE298223EAC08C009DC5AD;
					};
				};
			};
			buildConfigurationList = 9EAE297E23EAC08C009DC5AD /* Build configuration list for PBXProject "FlickrSearch" */;
			compatibilityVersion = "Xcode 9.3";
			developmentRegion = en;
			hasScannedForEncodings = 0;
			knownRegions = (
				en,
				Base,
			);
			mainGroup = 9EAE297A23EAC08C009DC5AD;
			productRefGroup = 9EAE298423EAC08C009DC5AD /* Products */;
			projectDirPath = "";
			projectRoot = "";
			targets = (
				9EAE298223EAC08C009DC5AD /* FlickrSearch */,
				9EAE299823EAC08E009DC5AD /* FlickrSearchTests */,
			);
		};
/* End PBXProject section */

/* Begin PBXResourcesBuildPhase section */
		9EAE298123EAC08C009DC5AD /* Resources */ = {
			isa = PBXResourcesBuildPhase;
			buildActionMask = 2147483647;
			files = (
				9EAE299323EAC08E009DC5AD /* LaunchScreen.storyboard in Resources */,
				9EAE299023EAC08E009DC5AD /* Assets.xcassets in Resources */,
				9EAE298E23EAC08C009DC5AD /* Main.storyboard in Resources */,
			);
			runOnlyForDeploymentPostprocessing = 0;
		};
		9EAE299723EAC08E009DC5AD /* Resources */ = {
			isa = PBXResourcesBuildPhase;
			buildActionMask = 2147483647;
			files = (
			);
			runOnlyForDeploymentPostprocessing = 0;
		};
/* End PBXResourcesBuildPhase section */

/* Begin PBXSourcesBuildPhase section */
		9EAE297F23EAC08C009DC5AD /* Sources */ = {
			isa = PBXSourcesBuildPhase;
			buildActionMask = 2147483647;
			files = (
				9EAE298B23EAC08C009DC5AD /* ViewController.swift in Sources */,
				9EAE298723EAC08C009DC5AD /* AppDelegate.swift in Sources */,
				9EAE298923EAC08C009DC5AD /* SceneDelegate.swift in Sources */,
			);
			runOnlyForDeploymentPostprocessing = 0;
		};
		9EAE299523EAC08E009DC5AD /* Sources */ = {
			isa = PBXSourcesBuildPhase;
			buildActionMask = 2147483647;
			files = (
				9EAE299E23EAC08E009DC5AD /* FlickrSearchTests.swift in Sources */,
			);
			runOnlyForDeploymentPostprocessing = 0;
		};
/* End PBXSourcesBuildPhase section */

/* Begin PBXTargetDependency section */
		9EAE299B23EAC08E009DC5AD /* PBXTargetDependency */ = {
			isa = PBXTargetDependency;
			target = 9EAE298223EAC08C009DC5AD /* FlickrSearch */;
			targetProxy = 9EAE299A23EAC08E009DC5AD /* PBXContainerItemProxy */;
		};
/* End PBXTargetDependency section */

/* Begin PBXVariantGroup section */
		9EAE298C23EAC08C009DC5AD /* Main.storyboard */ = {
			isa = PBXVariantGroup;
			children = (
				9EAE298D23EAC08C009DC5AD /* Base */,
			);
			name = Main.storyboard;
			sourceTree = "<group>";
		};
		9EAE299123EAC08E009DC5AD /* LaunchScreen.storyboard */ = {
			isa = PBXVariantGroup;
			children = (
				9EAE299223EAC08E009DC5AD /* Base */,
			);
			name = LaunchScreen.storyboard;
			sourceTree = "<group>";
		};
/* End PBXVariantGroup section */

/* Begin XCBuildConfiguration section */
		9EAE29A023EAC08E009DC5AD /* Debug */ = {
			isa = XCBuildConfiguration;
			buildSettings = {
				ALWAYS_SEARCH_USER_PATHS = NO;
				CLANG_ANALYZER_NONNULL = YES;
				CLANG_ANALYZER_NUMBER_OBJECT_CONVERSION = YES_AGGRESSIVE;
				CLANG_CXX_LANGUAGE_STANDARD = "gnu++14";
				CLANG_CXX_LIBRARY = "libc++";
				CLANG_ENABLE_MODULES = YES;
				CLANG_ENABLE_OBJC_ARC = YES;
				CLANG_ENABLE_OBJC_WEAK = YES;
				CLANG_WARN_BLOCK_CAPTURE_AUTORELEASING = YES;
				CLANG_WARN_BOOL_CONVERSION = YES;
				CLANG_WARN_COMMA = YES;
				CLANG_WARN_CONSTANT_CONVERSION = YES;
				CLANG_WARN_DEPRECATED_OBJC_IMPLEMENTATIONS = YES;
				CLANG_WARN_DIRECT_OBJC_ISA_USAGE = YES_ERROR;
				CLANG_WARN_DOCUMENTATION_COMMENTS = YES;
				CLANG_WARN_EMPTY_BODY = YES;
				CLANG_WARN_ENUM_CONVERSION = YES;
				CLANG_WARN_INFINITE_RECURSION = YES;
				CLANG_WARN_INT_CONVERSION = YES;
				CLANG_WARN_NON_LITERAL_NULL_CONVERSION = YES;
				CLANG_WARN_OBJC_IMPLICIT_RETAIN_SELF = YES;
				CLANG_WARN_OBJC_LITERAL_CONVERSION = YES;
				CLANG_WARN_OBJC_ROOT_CLASS = YES_ERROR;
				CLANG_WARN_RANGE_LOOP_ANALYSIS = YES;
				CLANG_WARN_STRICT_PROTOTYPES = YES;
				CLANG_WARN_SUSPICIOUS_MOVE = YES;
				CLANG_WARN_UNGUARDED_AVAILABILITY = YES_AGGRESSIVE;
				CLANG_WARN_UNREACHABLE_CODE = YES;
				CLANG_WARN__DUPLICATE_METHOD_MATCH = YES;
				COPY_PHASE_STRIP = NO;
				DEBUG_INFORMATION_FORMAT = dwarf;
				ENABLE_STRICT_OBJC_MSGSEND = YES;
				ENABLE_TESTABILITY = YES;
				GCC_C_LANGUAGE_STANDARD = gnu11;
				GCC_DYNAMIC_NO_PIC = NO;
				GCC_NO_COMMON_BLOCKS = YES;
				GCC_OPTIMIZATION_LEVEL = 0;
				GCC_PREPROCESSOR_DEFINITIONS = (
					"DEBUG=1",
					"$(inherited)",
				);
				GCC_WARN_64_TO_32_BIT_CONVERSION = YES;
				GCC_WARN_ABOUT_RETURN_TYPE = YES_ERROR;
				GCC_WARN_UNDECLARED_SELECTOR = YES;
				GCC_WARN_UNINITIALIZED_AUTOS = YES_AGGRESSIVE;
				GCC_WARN_UNUSED_FUNCTION = YES;
				GCC_WARN_UNUSED_VARIABLE = YES;
				IPHONEOS_DEPLOYMENT_TARGET = 13.2;
				MTL_ENABLE_DEBUG_INFO = INCLUDE_SOURCE;
				MTL_FAST_MATH = YES;
				ONLY_ACTIVE_ARCH = YES;
				SDKROOT = iphoneos;
				SWIFT_ACTIVE_COMPILATION_CONDITIONS = DEBUG;
				SWIFT_OPTIMIZATION_LEVEL = "-Onone";
			};
			name = Debug;
		};
		9EAE29A123EAC08E009DC5AD /* Release */ = {
			isa = XCBuildConfiguration;
			buildSettings = {
				ALWAYS_SEARCH_USER_PATHS = NO;
				CLANG_ANALYZER_NONNULL = YES;
				CLANG_ANALYZER_NUMBER_OBJECT_CONVERSION = YES_AGGRESSIVE;
				CLANG_CXX_LANGUAGE_STANDARD = "gnu++14";
				CLANG_CXX_LIBRARY = "libc++";
				CLANG_ENABLE_MODULES = YES;
				CLANG_ENABLE_OBJC_ARC = YES;
				CLANG_ENABLE_OBJC_WEAK = YES;
				CLANG_WARN_BLOCK_CAPTURE_AUTORELEASING = YES;
				CLANG_WARN_BOOL_CONVERSION = YES;
				CLANG_WARN_COMMA = YES;
				CLANG_WARN_CONSTANT_CONVERSION = YES;
				CLANG_WARN_DEPRECATED_OBJC_IMPLEMENTATIONS = YES;
				CLANG_WARN_DIRECT_OBJC_ISA_USAGE = YES_ERROR;
				CLANG_WARN_DOCUMENTATION_COMMENTS = YES;
				CLANG_WARN_EMPTY_BODY = YES;
				CLANG_WARN_ENUM_CONVERSION = YES;
				CLANG_WARN_INFINITE_RECURSION = YES;
				CLANG_WARN_INT_CONVERSION = YES;
				CLANG_WARN_NON_LITERAL_NULL_CONVERSION = YES;
				CLANG_WARN_OBJC_IMPLICIT_RETAIN_SELF = YES;
				CLANG_WARN_OBJC_LITERAL_CONVERSION = YES;
				CLANG_WARN_OBJC_ROOT_CLASS = YES_ERROR;
				CLANG_WARN_RANGE_LOOP_ANALYSIS = YES;
				CLANG_WARN_STRICT_PROTOTYPES = YES;
				CLANG_WARN_SUSPICIOUS_MOVE = YES;
				CLANG_WARN_UNGUARDED_AVAILABILITY = YES_AGGRESSIVE;
				CLANG_WARN_UNREACHABLE_CODE = YES;
				CLANG_WARN__DUPLICATE_METHOD_MATCH = YES;
				COPY_PHASE_STRIP = NO;
				DEBUG_INFORMATION_FORMAT = "dwarf-with-dsym";
				ENABLE_NS_ASSERTIONS = NO;
				ENABLE_STRICT_OBJC_MSGSEND = YES;
				GCC_C_LANGUAGE_STANDARD = gnu11;
				GCC_NO_COMMON_BLOCKS = YES;
				GCC_WARN_64_TO_32_BIT_CONVERSION = YES;
				GCC_WARN_ABOUT_RETURN_TYPE = YES_ERROR;
				GCC_WARN_UNDECLARED_SELECTOR = YES;
				GCC_WARN_UNINITIALIZED_AUTOS = YES_AGGRESSIVE;
				GCC_WARN_UNUSED_FUNCTION = YES;
				GCC_WARN_UNUSED_VARIABLE = YES;
				IPHONEOS_DEPLOYMENT_TARGET = 13.2;
				MTL_ENABLE_DEBUG_INFO = NO;
				MTL_FAST_MATH = YES;
				SDKROOT = iphoneos;
				SWIFT_COMPILATION_MODE = wholemodule;
				SWIFT_OPTIMIZATION_LEVEL = "-O";
				VALIDATE_PRODUCT = YES;
			};
			name = Release;
		};
		9EAE29A323EAC08E009DC5AD /* Debug */ = {
			isa = XCBuildConfiguration;
			buildSettings = {
				ASSETCATALOG_COMPILER_APPICON_NAME = AppIcon;
				CODE_SIGN_STYLE = Automatic;
				INFOPLIST_FILE = FlickrSearch/Info.plist;
				LD_RUNPATH_SEARCH_PATHS = (
					"$(inherited)",
					"@executable_path/Frameworks",
				);
				PRODUCT_BUNDLE_IDENTIFIER = "com.andela-test.FlickrSearch";
				PRODUCT_NAME = "$(TARGET_NAME)";
				SWIFT_VERSION = 5.0;
				TARGETED_DEVICE_FAMILY = "1,2";
			};
			name = Debug;
		};
		9EAE29A423EAC08E009DC5AD /* Release */ = {
			isa = XCBuildConfiguration;
			buildSettings = {
				ASSETCATALOG_COMPILER_APPICON_NAME = AppIcon;
				CODE_SIGN_STYLE = Automatic;
				INFOPLIST_FILE = FlickrSearch/Info.plist;
				LD_RUNPATH_SEARCH_PATHS = (
					"$(inherited)",
					"@executable_path/Frameworks",
				);
				PRODUCT_BUNDLE_IDENTIFIER = "com.andela-test.FlickrSearch";
				PRODUCT_NAME = "$(TARGET_NAME)";
				SWIFT_VERSION = 5.0;
				TARGETED_DEVICE_FAMILY = "1,2";
			};
			name = Release;
		};
		9EAE29A623EAC08E009DC5AD /* Debug */ = {
			isa = XCBuildConfiguration;
			buildSettings = {
				ALWAYS_EMBED_SWIFT_STANDARD_LIBRARIES = YES;
				BUNDLE_LOADER = "$(TEST_HOST)";
				CODE_SIGN_STYLE = Automatic;
				INFOPLIST_FILE = FlickrSearchTests/Info.plist;
				IPHONEOS_DEPLOYMENT_TARGET = 13.2;
				LD_RUNPATH_SEARCH_PATHS = (
					"$(inherited)",
					"@executable_path/Frameworks",
					"@loader_path/Frameworks",
				);
				PRODUCT_BUNDLE_IDENTIFIER = "com.andela-test.FlickrSearchTests";
				PRODUCT_NAME = "$(TARGET_NAME)";
				SWIFT_VERSION = 5.0;
				TARGETED_DEVICE_FAMILY = "1,2";
				TEST_HOST = "$(BUILT_PRODUCTS_DIR)/FlickrSearch.app/FlickrSearch";
			};
			name = Debug;
		};
		9EAE29A723EAC08E009DC5AD /* Release */ = {
			isa = XCBuildConfiguration;
			buildSettings = {
				ALWAYS_EMBED_SWIFT_STANDARD_LIBRARIES = YES;
				BUNDLE_LOADER = "$(TEST_HOST)";
				CODE_SIGN_STYLE = Automatic;
				INFOPLIST_FILE = FlickrSearchTests/Info.plist;
				IPHONEOS_DEPLOYMENT_TARGET = 13.2;
				LD_RUNPATH_SEARCH_PATHS = (
					"$(inherited)",
					"@executable_path/Frameworks",
					"@loader_path/Frameworks",
				);
				PRODUCT_BUNDLE_IDENTIFIER = "com.andela-test.FlickrSearchTests";
				PRODUCT_NAME = "$(TARGET_NAME)";
				SWIFT_VERSION = 5.0;
				TARGETED_DEVICE_FAMILY = "1,2";
				TEST_HOST = "$(BUILT_PRODUCTS_DIR)/FlickrSearch.app/FlickrSearch";
			};
			name = Release;
		};
/* End XCBuildConfiguration section */

/* Begin XCConfigurationList section */
		9EAE297E23EAC08C009DC5AD /* Build configuration list for PBXProject "FlickrSearch" */ = {
			isa = XCConfigurationList;
			buildConfigurations = (
				9EAE29A023EAC08E009DC5AD /* Debug */,
				9EAE29A123EAC08E009DC5AD /* Release */,
			);
			defaultConfigurationIsVisible = 0;
			defaultConfigurationName = Release;
		};
		9EAE29A223EAC08E009DC5AD /* Build configuration list for PBXNativeTarget "FlickrSearch" */ = {
			isa = XCConfigurationList;
			buildConfigurations = (
				9EAE29A323EAC08E009DC5AD /* Debug */,
				9EAE29A423EAC08E009DC5AD /* Release */,
			);
			defaultConfigurationIsVisible = 0;
			defaultConfigurationName = Release;
		};
		9EAE29A523EAC08E009DC5AD /* Build configuration list for PBXNativeTarget "FlickrSearchTests" */ = {
			isa = XCConfigurationList;
			buildConfigurations = (
				9EAE29A623EAC08E009DC5AD /* Debug */,
				9EAE29A723EAC08E009DC5AD /* Release */,
			);
			defaultConfigurationIsVisible = 0;
			defaultConfigurationName = Release;
		};
/* End XCConfigurationList section */
	};
	rootObject = 9EAE297B23EAC08C009DC5AD /* Project object */;
}
